
Microsoft Visual Studio Solution File, Format Version 12.00
# Visual Studio Version 17
VisualStudioVersion = 17.2.32616.157
MinimumVisualStudioVersion = 10.0.40219.1
Project("{FAE04EC0-301F-11D3-BF4B-00C04F79EFBC}") = "Library.Api", "Library.Api\Library.Api.csproj", "{35775B87-D782-4EDD-9C21-2A19F646616A}"
EndProject
Global
	GlobalSection(SolutionConfigurationPlatforms) = preSolution
		Debug|Any CPU = Debug|Any CPU
		Release|Any CPU = Release|Any CPU
	EndGlobalSection
	GlobalSection(ProjectConfigurationPlatforms) = postSolution
		{35775B87-D782-4EDD-9C21-2A19F646616A}.Debug|Any CPU.ActiveCfg = Debug|Any CPU
		{35775B87-D782-4EDD-9C21-2A19F646616A}.Debug|Any CPU.Build.0 = Debug|Any CPU
		{35775B87-D782-4EDD-9C21-2A19F646616A}.Release|Any CPU.ActiveCfg = Release|Any CPU
		{35775B87-D782-4EDD-9C21-2A19F646616A}.Release|Any CPU.Build.0 = Release|Any CPU
	EndGlobalSection
	GlobalSection(SolutionProperties) = preSolution
		HideSolutionNode = FALSE
	EndGlobalSection
	GlobalSection(ExtensibilityGlobals) = postSolution
		SolutionGuid = {8C5E52D1-8E71-4FB9-AD21-55A60F9F1484}
	EndGlobalSection
EndGlobal
